
Microsoft Visual Studio Solution File, Format Version 12.00
# Visual Studio Version 16
VisualStudioVersion = 25.0.1706.12
MinimumVisualStudioVersion = 10.0.40219.1
Project("{FAE04EC0-301F-11D3-BF4B-00C04F79EFBC}") = "Final Project - Graph", "Final Project - Graph.csproj", "{5E3F9D2A-651D-48D6-ABC6-47E90A47597A}"
EndProject
Global
	GlobalSection(SolutionConfigurationPlatforms) = preSolution
		Debug|Any CPU = Debug|Any CPU
		Release|Any CPU = Release|Any CPU
	EndGlobalSection
	GlobalSection(ProjectConfigurationPlatforms) = postSolution
		{5E3F9D2A-651D-48D6-ABC6-47E90A47597A}.Debug|Any CPU.ActiveCfg = Debug|Any CPU
		{5E3F9D2A-651D-48D6-ABC6-47E90A47597A}.Debug|Any CPU.Build.0 = Debug|Any CPU
		{5E3F9D2A-651D-48D6-ABC6-47E90A47597A}.Release|Any CPU.ActiveCfg = Release|Any CPU
		{5E3F9D2A-651D-48D6-ABC6-47E90A47597A}.Release|Any CPU.Build.0 = Release|Any CPU
	EndGlobalSection
	GlobalSection(SolutionProperties) = preSolution
		HideSolutionNode = FALSE
	EndGlobalSection
	GlobalSection(ExtensibilityGlobals) = postSolution
		SolutionGuid = {AABC9E30-CC30-42B1-9029-FF436180E71C}
	EndGlobalSection
EndGlobal
